
Microsoft Visual Studio Solution File, Format Version 12.00
# Visual Studio Version 17
VisualStudioVersion = 17.14.36429.23 d17.14
MinimumVisualStudioVersion = 10.0.40219.1
Project("{FAE04EC0-301F-11D3-BF4B-00C04F79EFBC}") = "TrackingApp.Server", "TrackingApp.Server.csproj", "{49392BDC-36C7-ACAE-7FA7-C9FCB0E58F29}"
EndProject
Global
	GlobalSection(SolutionConfigurationPlatforms) = preSolution
		Debug|Any CPU = Debug|Any CPU
		Release|Any CPU = Release|Any CPU
	EndGlobalSection
	GlobalSection(ProjectConfigurationPlatforms) = postSolution
		{49392BDC-36C7-ACAE-7FA7-C9FCB0E58F29}.Debug|Any CPU.ActiveCfg = Debug|Any CPU
		{49392BDC-36C7-ACAE-7FA7-C9FCB0E58F29}.Debug|Any CPU.Build.0 = Debug|Any CPU
		{49392BDC-36C7-ACAE-7FA7-C9FCB0E58F29}.Release|Any CPU.ActiveCfg = Release|Any CPU
		{49392BDC-36C7-ACAE-7FA7-C9FCB0E58F29}.Release|Any CPU.Build.0 = Release|Any CPU
	EndGlobalSection
	GlobalSection(SolutionProperties) = preSolution
		HideSolutionNode = FALSE
	EndGlobalSection
	GlobalSection(ExtensibilityGlobals) = postSolution
		SolutionGuid = {957307A6-6463-4A70-966F-580FD57B2B8D}
	EndGlobalSection
EndGlobal
